
Microsoft Visual Studio Solution File, Format Version 12.00
# Visual Studio Version 16
VisualStudioVersion = 16.0.30114.105
MinimumVisualStudioVersion = 10.0.40219.1
Project("{FAE04EC0-301F-11D3-BF4B-00C04F79EFBC}") = "Sneik3", "Sneik3\Sneik3.csproj", "{C27D836A-0D40-4067-863F-7CC3DBA8332F}"
EndProject
Global
	GlobalSection(SolutionConfigurationPlatforms) = preSolution
		Debug|Any CPU = Debug|Any CPU
		Release|Any CPU = Release|Any CPU
	EndGlobalSection
	GlobalSection(ProjectConfigurationPlatforms) = postSolution
		{C27D836A-0D40-4067-863F-7CC3DBA8332F}.Debug|Any CPU.ActiveCfg = Debug|Any CPU
		{C27D836A-0D40-4067-863F-7CC3DBA8332F}.Debug|Any CPU.Build.0 = Debug|Any CPU
		{C27D836A-0D40-4067-863F-7CC3DBA8332F}.Release|Any CPU.ActiveCfg = Release|Any CPU
		{C27D836A-0D40-4067-863F-7CC3DBA8332F}.Release|Any CPU.Build.0 = Release|Any CPU
	EndGlobalSection
	GlobalSection(SolutionProperties) = preSolution
		HideSolutionNode = FALSE
	EndGlobalSection
	GlobalSection(ExtensibilityGlobals) = postSolution
		SolutionGuid = {8EE558EF-C1D4-4772-9791-3C1DC137F97F}
	EndGlobalSection
EndGlobal
